<?xml version="1.0" encoding="utf-8"?>
<Project ToolsVersion="4.0" xmlns="http://schemas.microsoft.com/developer/msbuild/2003">
  <ItemGroup>
    <Filter Include="Source Files">
      <UniqueIdentifier>{4FC737F1-C7A5-4376-A066-2A32D752A2FF}</UniqueIdentifier>
      <Extensions>cpp;c;cc;cxx;def;odl;idl;hpj;bat;asm;asmx</Extensions>
    </Filter>
    <Filter Include="Header Files">
      <UniqueIdentifier>{93995380-89BD-4b04-88EB-625FBE52EBFB}</UniqueIdentifier>
      <Extensions>h;hh;hpp;hxx;hm;inl;inc;ipp;xsd</Extensions>
    </Filter>
  </ItemGroup>
  <ItemGroup>
    <ClInclude Include="HDRPlus_BlackWhiteLevel.h">
      <Filter>Header Files</Filter>
    </ClInclude>
    <ClInclude Include="HDRPlus_BlockMatchFusion.h">
      <Filter>Header Files</Filter>
    </ClInclude>
    <ClInclude Include="HDRPlus_ChromaDenoise.h">
      <Filter>Header Files</Filter>
    </ClInclude>
    <ClInclude Include="HDRPlus_ColorCorect.h">
      <Filter>Header Files</Filter>
    </ClInclude>
    <ClInclude Include="HDRPlus_Contrast.h">
      <Filter>Header Files</Filter>
    </ClInclude>
    <ClInclude Include="HDRPlus_Demosaicing.h">
      <Filter>Header Files</Filter>
    </ClInclude>
    <ClInclude Include="HDRPlus_DPCorrection.h">
      <Filter>Header Files</Filter>
    </ClInclude>
    <ClInclude Include="HDRPlus_Forward.h">
      <Filter>Header Files</Filter>
    </ClInclude>
    <ClInclude Include="HDRPlus_GammaCorrect.h">
      <Filter>Header Files</Filter>
    </ClInclude>
    <ClInclude Include="HDRPlus_Normalize.h">
      <Filter>Header Files</Filter>
    </ClInclude>
    <ClInclude Include="HDRPlus_Sharpen.h">
      <Filter>Header Files</Filter>
    </ClInclude>
    <ClInclude Include="HDRPlus_Tonemapping.h">
      <Filter>Header Files</Filter>
    </ClInclude>
    <ClInclude Include="HDRPlus_WhiteBalance.h">
      <Filter>Header Files</Filter>
    </ClInclude>
  </ItemGroup>
  <ItemGroup>
    <ClCompile Include="HDRPlus_BlackWhiteLevel.cpp">
      <Filter>Source Files</Filter>
    </ClCompile>
    <ClCompile Include="HDRPlus_BlockMatchFusion.cpp">
      <Filter>Source Files</Filter>
    </ClCompile>
    <ClCompile Include="HDRPlus_ChromaDenoise.cpp">
      <Filter>Source Files</Filter>
    </ClCompile>
    <ClCompile Include="HDRPlus_ColorCorect.cpp">
      <Filter>Source Files</Filter>
    </ClCompile>
    <ClCompile Include="HDRPlus_Contrast.cpp">
      <Filter>Source Files</Filter>
    </ClCompile>
    <ClCompile Include="HDRPlus_Demosaicing.cpp">
      <Filter>Source Files</Filter>
    </ClCompile>
    <ClCompile Include="HDRPlus_DPCorrection.cpp">
      <Filter>Source Files</Filter>
    </ClCompile>
    <ClCompile Include="HDRPlus_Forward.cpp">
      <Filter>Source Files</Filter>
    </ClCompile>
    <ClCompile Include="HDRPlus_GammaCorrect.cpp">
      <Filter>Source Files</Filter>
    </ClCompile>
    <ClCompile Include="HDRPlus_Normalize.cpp">
      <Filter>Source Files</Filter>
    </ClCompile>
    <ClCompile Include="HDRPlus_Sharpen.cpp">
      <Filter>Source Files</Filter>
    </ClCompile>
    <ClCompile Include="HDRPlus_Tonemapping.cpp">
      <Filter>Source Files</Filter>
    </ClCompile>
    <ClCompile Include="HDRPlus_WhiteBalance.cpp">
      <Filter>Source Files</Filter>
    </ClCompile>
  </ItemGroup>
</Project>