<?xml version="1.0" encoding="utf-8"?>
<Project ToolsVersion="4.0" xmlns="http://schemas.microsoft.com/developer/msbuild/2003">
  <ItemGroup>
    <Filter Include="Source Files">
      <UniqueIdentifier>{4FC737F1-C7A5-4376-A066-2A32D752A2FF}</UniqueIdentifier>
      <Extensions>cpp;c;cc;cxx;def;odl;idl;hpj;bat;asm;asmx</Extensions>
    </Filter>
    <Filter Include="Header Files">
      <UniqueIdentifier>{93995380-89BD-4b04-88EB-625FBE52EBFB}</UniqueIdentifier>
      <Extensions>h;hh;hpp;hxx;hm;inl;inc;ipp;xsd</Extensions>
    </Filter>
  </ItemGroup>
  <ItemGroup>
    <ClInclude Include="Basicdef.h">
      <Filter>Header Files</Filter>
    </ClInclude>
    <ClInclude Include="Mat.h">
      <Filter>Header Files</Filter>
    </ClInclude>
    <ClInclude Include="Matrix.h">
      <Filter>Header Files</Filter>
    </ClInclude>
    <ClInclude Include="MemPool.h">
      <Filter>Header Files</Filter>
    </ClInclude>
    <ClInclude Include="MultiIntImage.h">
      <Filter>Header Files</Filter>
    </ClInclude>
    <ClInclude Include="MultiShortImage.h">
      <Filter>Header Files</Filter>
    </ClInclude>
    <ClInclude Include="MultiUshortImage.h">
      <Filter>Header Files</Filter>
    </ClInclude>
    <ClInclude Include="SubFunction.h">
      <Filter>Header Files</Filter>
    </ClInclude>
    <ClInclude Include="TimeStatistic.h">
      <Filter>Header Files</Filter>
    </ClInclude>
    <ClInclude Include="YUV420Image.h">
      <Filter>Header Files</Filter>
    </ClInclude>
    <ClInclude Include="MathFunction.h">
      <Filter>Header Files</Filter>
    </ClInclude>
    <ClInclude Include="SystemLog.h">
      <Filter>Header Files</Filter>
    </ClInclude>
    <ClInclude Include="MultiUcharImage.h">
      <Filter>Header Files</Filter>
    </ClInclude>
    <ClInclude Include="SingleUcharImage.h">
      <Filter>Header Files</Filter>
    </ClInclude>
    <ClInclude Include="NEONToSSE.h">
      <Filter>Header Files</Filter>
    </ClInclude>
    <ClInclude Include="YUVToJpeg.h">
      <Filter>Header Files</Filter>
    </ClInclude>
    <ClInclude Include="WeightConfig.h">
      <Filter>Header Files</Filter>
    </ClInclude>
    <ClInclude Include="Common.h">
      <Filter>Header Files</Filter>
    </ClInclude>
  </ItemGroup>
  <ItemGroup>
    <ClCompile Include="Matrix.cpp">
      <Filter>Source Files</Filter>
    </ClCompile>
    <ClCompile Include="MemPool.cpp">
      <Filter>Source Files</Filter>
    </ClCompile>
    <ClCompile Include="MultiIntImage.cpp">
      <Filter>Source Files</Filter>
    </ClCompile>
    <ClCompile Include="MultiShortImage.cpp">
      <Filter>Source Files</Filter>
    </ClCompile>
    <ClCompile Include="MultiUshortImage.cpp">
      <Filter>Source Files</Filter>
    </ClCompile>
    <ClCompile Include="TimeStatistic.cpp">
      <Filter>Source Files</Filter>
    </ClCompile>
    <ClCompile Include="YUV420Image.cpp">
      <Filter>Source Files</Filter>
    </ClCompile>
    <ClCompile Include="MathFunction.cpp">
      <Filter>Source Files</Filter>
    </ClCompile>
    <ClCompile Include="MultiUcharImage.cpp">
      <Filter>Source Files</Filter>
    </ClCompile>
    <ClCompile Include="SingleUcharImage.cpp">
      <Filter>Source Files</Filter>
    </ClCompile>
    <ClCompile Include="YUVToJpeg.cpp">
      <Filter>Source Files</Filter>
    </ClCompile>
    <ClCompile Include="Common.cpp">
      <Filter>Source Files</Filter>
    </ClCompile>
  </ItemGroup>
</Project>